
Microsoft Visual Studio Solution File, Format Version 12.00
# Visual Studio 15
VisualStudioVersion = 15.0.27130.2027
MinimumVisualStudioVersion = 10.0.40219.1
Project("{9A19103F-16F7-4668-BE54-9A1E7A4F7556}") = "SchoolLib", "SchoolLib\SchoolLib.csproj", "{7960E40A-32B6-4836-BD55-9B61F392B892}"
EndProject
Project("{00D1A9C2-B5F0-4AF3-8072-F6C62B433612}") = "Database", "Database\Database.sqlproj", "{D98198E5-565F-43CA-9770-19680FC638C9}"
EndProject
Project("{00D1A9C2-B5F0-4AF3-8072-F6C62B433612}") = "Database2", "Database2\Database2.sqlproj", "{A88A9360-3C8E-40ED-8C4A-2731C016C29A}"
EndProject
Global
	GlobalSection(SolutionConfigurationPlatforms) = preSolution
		Debug|Any CPU = Debug|Any CPU
		Release|Any CPU = Release|Any CPU
	EndGlobalSection
	GlobalSection(ProjectConfigurationPlatforms) = postSolution
		{7960E40A-32B6-4836-BD55-9B61F392B892}.Debug|Any CPU.ActiveCfg = Debug|Any CPU
		{7960E40A-32B6-4836-BD55-9B61F392B892}.Debug|Any CPU.Build.0 = Debug|Any CPU
		{7960E40A-32B6-4836-BD55-9B61F392B892}.Release|Any CPU.ActiveCfg = Release|Any CPU
		{7960E40A-32B6-4836-BD55-9B61F392B892}.Release|Any CPU.Build.0 = Release|Any CPU
		{D98198E5-565F-43CA-9770-19680FC638C9}.Debug|Any CPU.ActiveCfg = Debug|Any CPU
		{D98198E5-565F-43CA-9770-19680FC638C9}.Debug|Any CPU.Build.0 = Debug|Any CPU
		{D98198E5-565F-43CA-9770-19680FC638C9}.Debug|Any CPU.Deploy.0 = Debug|Any CPU
		{D98198E5-565F-43CA-9770-19680FC638C9}.Release|Any CPU.ActiveCfg = Release|Any CPU
		{D98198E5-565F-43CA-9770-19680FC638C9}.Release|Any CPU.Build.0 = Release|Any CPU
		{D98198E5-565F-43CA-9770-19680FC638C9}.Release|Any CPU.Deploy.0 = Release|Any CPU
		{A88A9360-3C8E-40ED-8C4A-2731C016C29A}.Debug|Any CPU.ActiveCfg = Debug|Any CPU
		{A88A9360-3C8E-40ED-8C4A-2731C016C29A}.Debug|Any CPU.Build.0 = Debug|Any CPU
		{A88A9360-3C8E-40ED-8C4A-2731C016C29A}.Debug|Any CPU.Deploy.0 = Debug|Any CPU
		{A88A9360-3C8E-40ED-8C4A-2731C016C29A}.Release|Any CPU.ActiveCfg = Release|Any CPU
		{A88A9360-3C8E-40ED-8C4A-2731C016C29A}.Release|Any CPU.Build.0 = Release|Any CPU
		{A88A9360-3C8E-40ED-8C4A-2731C016C29A}.Release|Any CPU.Deploy.0 = Release|Any CPU
	EndGlobalSection
	GlobalSection(SolutionProperties) = preSolution
		HideSolutionNode = FALSE
	EndGlobalSection
	GlobalSection(ExtensibilityGlobals) = postSolution
		SolutionGuid = {E1A1FCD2-688E-4A90-9B1A-367405E46B30}
	EndGlobalSection
EndGlobal
